
Microsoft Visual Studio Solution File, Format Version 12.00
# Visual Studio Version 16
VisualStudioVersion = 16.0.30503.244
MinimumVisualStudioVersion = 10.0.40219.1
Project("{FAE04EC0-301F-11D3-BF4B-00C04F79EFBC}") = "Variables1", "Variables1.csproj", "{F112FC31-5DA4-4798-B650-E4F0750A0F0C}"
EndProject
Global
	GlobalSection(SolutionConfigurationPlatforms) = preSolution
		Debug|Any CPU = Debug|Any CPU
		Release|Any CPU = Release|Any CPU
	EndGlobalSection
	GlobalSection(ProjectConfigurationPlatforms) = postSolution
		{F112FC31-5DA4-4798-B650-E4F0750A0F0C}.Debug|Any CPU.ActiveCfg = Debug|Any CPU
		{F112FC31-5DA4-4798-B650-E4F0750A0F0C}.Debug|Any CPU.Build.0 = Debug|Any CPU
		{F112FC31-5DA4-4798-B650-E4F0750A0F0C}.Release|Any CPU.ActiveCfg = Release|Any CPU
		{F112FC31-5DA4-4798-B650-E4F0750A0F0C}.Release|Any CPU.Build.0 = Release|Any CPU
	EndGlobalSection
	GlobalSection(SolutionProperties) = preSolution
		HideSolutionNode = FALSE
	EndGlobalSection
	GlobalSection(ExtensibilityGlobals) = postSolution
		SolutionGuid = {F507DC94-DD36-488C-850C-973785CF0FCC}
	EndGlobalSection
EndGlobal
